# THIS IS AN AUTOGENERATED FILE. DO NOT EDIT THIS FILE DIRECTLY.
# yarn lockfile v1


"@graphql-typed-document-node/core@^3.1.0":
  version "3.1.1"
  resolved "https://registry.yarnpkg.com/@graphql-typed-document-node/core/-/core-3.1.1.tgz#076d78ce99822258cf813ecc1e7fa460fa74d052"
  integrity sha512-NQ17ii0rK1b34VZonlmT2QMJFI70m0TRwbknO/ihlbatXyaktDhN/98vBiUU6kNBPljqGqyIrl2T4nY2RpFANg==

"@urql/core@^2.3.6":
  version "2.3.6"
  resolved "https://registry.yarnpkg.com/@urql/core/-/core-2.3.6.tgz#ee0a6f8fde02251e9560c5f17dce5cd90f948552"
  integrity sha512-PUxhtBh7/8167HJK6WqBv6Z0piuiaZHQGYbhwpNL9aIQmLROPEdaUYkY4wh45wPQXcTpnd11l0q3Pw+TI11pdw==
  dependencies:
    "@graphql-typed-document-node/core" "^3.1.0"
    wonka "^4.0.14"

cloudinary-core@^2.10.2:
  version "2.12.0"
  resolved "https://registry.yarnpkg.com/cloudinary-core/-/cloudinary-core-2.12.0.tgz#fe20231e7bf6a52116c61a2a03c04fcc60b968a3"
  integrity sha512-EXvnWuq3Ah6pZHB2vEfkrJ4tCGlccZo3xsmt1f+bmrB53jU42ZrnX+v8xKRMot9c/STSO7GPbxbhJQ/z/xRazg==

cloudinary@^1.27.1:
  version "1.27.1"
  resolved "https://registry.yarnpkg.com/cloudinary/-/cloudinary-1.27.1.tgz#41abace12827dd1edc06ff511d8da2e261b3845f"
  integrity sha512-NrSVdzD2yJUMwL4UTfOjlq+bkc88SaNoZjhibLnpI40c46vfIlz2Y77R9HfgYIQ1Lx/k+U1WKZuiQ5Z2Wd2Dsg==
  dependencies:
    cloudinary-core "^2.10.2"
    core-js "3.6.5"
    lodash "^4.17.11"
    q "^1.5.1"

core-js@3.6.5:
  version "3.6.5"
  resolved "https://registry.yarnpkg.com/core-js/-/core-js-3.6.5.tgz#7395dc273af37fb2e50e9bd3d9fe841285231d1a"
  integrity sha512-vZVEEwZoIsI+vPEuoF9Iqf5H7/M3eeQqWlQnYa8FSKKePuYTf5MWnxb5SDAzCa60b3JBRS5g9b+Dq7b1y/RCrA==

graphql@^16.1.0:
  version "16.1.0"
  resolved "https://registry.yarnpkg.com/graphql/-/graphql-16.1.0.tgz#83bebeae6e119766d04966f09de9305be7fd44e5"
  integrity sha512-+PIjmhqGHMIxtnlEirRXDHIzs0cAHAozKG5M2w2N4TnS8VzCxO3bbv1AW9UTeycBfl2QsPduxcVrBvANFKQhiw==

lodash@^4.17.11:
  version "4.17.21"
  resolved "https://registry.yarnpkg.com/lodash/-/lodash-4.17.21.tgz#679591c564c3bffaae8454cf0b3df370c3d6911c"
  integrity sha512-v2kDEe57lecTulaDIuNTPy3Ry4gLGJ6Z1O3vE1krgXZNrsQ+LFTGHVxVjcXPs17LhbZVGedAJv8XZ1tvj5FvSg==

next-urql@^3.3.2:
  version "3.3.2"
  resolved "https://registry.yarnpkg.com/next-urql/-/next-urql-3.3.2.tgz#8be8e37f48726c55cb1c3eecb8c2003bdc319f2e"
  integrity sha512-oXQHCFU0R3pIwXWtDqZDYOjKcD7SlNP7aove9YuukgKuItdtIR9CRUgo3qMOD5dSQ3wBBGfQ8zR6XtzqV5WiGg==
  dependencies:
    react-ssr-prepass "^1.4.0"

q@^1.5.1:
  version "1.5.1"
  resolved "https://registry.yarnpkg.com/q/-/q-1.5.1.tgz#7e32f75b41381291d04611f1bf14109ac00651d7"
  integrity sha1-fjL3W0E4EpHQRhHxvxQQmsAGUdc=

react-is@^17.0.2:
  version "17.0.2"
  resolved "https://registry.yarnpkg.com/react-is/-/react-is-17.0.2.tgz#e691d4a8e9c789365655539ab372762b0efb54f0"
  integrity sha512-w2GsyukL62IJnlaff/nRegPQR94C/XXamvMWmSHRJ4y7Ts/4ocGRmTHvOs8PSE6pB3dWOrD/nueuU5sduBsQ4w==

react-ssr-prepass@^1.4.0:
  version "1.4.0"
  resolved "https://registry.yarnpkg.com/react-ssr-prepass/-/react-ssr-prepass-1.4.0.tgz#33a3db19414f0f8f9f3f781c88f760ae366b4f51"
  integrity sha512-0SzdmiQUtHvhxCabHg9BI/pkJfijGkQ0jQL6fC4YFy7idaDOuaiQLsajIkkNxffFXtJFHIWFITlve2WB88e0Jw==

urql@^2.0.6:
  version "2.0.6"
  resolved "https://registry.yarnpkg.com/urql/-/urql-2.0.6.tgz#e67f09c83780f13d07d462a669977b3d5b36d964"
  integrity sha512-ovK9mx7YxD/CKUwVZGbEDBzZjbCcNsr1990nIhDCKe3Ij/0gNcIa+0EIyXKceOPuYDYKavIoaNQV2kOZjQxFcw==
  dependencies:
    "@urql/core" "^2.3.6"
    wonka "^4.0.14"

wonka@^4.0.14:
  version "4.0.15"
  resolved "https://registry.yarnpkg.com/wonka/-/wonka-4.0.15.tgz#9aa42046efa424565ab8f8f451fcca955bf80b89"
  integrity sha512-U0IUQHKXXn6PFo9nqsHphVCE5m3IntqZNB9Jjn7EB1lrR7YTDY3YWgFvEvwniTzXSvOH/XMzAZaIfJF/LvHYXg==
