# THIS IS AN AUTOGENERATED FILE. DO NOT EDIT THIS FILE DIRECTLY.
# yarn lockfile v1


cloudinary-core@^2.10.2:
  version "2.12.0"
  resolved "https://registry.yarnpkg.com/cloudinary-core/-/cloudinary-core-2.12.0.tgz#fe20231e7bf6a52116c61a2a03c04fcc60b968a3"
  integrity sha512-EXvnWuq3Ah6pZHB2vEfkrJ4tCGlccZo3xsmt1f+bmrB53jU42ZrnX+v8xKRMot9c/STSO7GPbxbhJQ/z/xRazg==

cloudinary@^1.27.1:
  version "1.27.1"
  resolved "https://registry.yarnpkg.com/cloudinary/-/cloudinary-1.27.1.tgz#41abace12827dd1edc06ff511d8da2e261b3845f"
  integrity sha512-NrSVdzD2yJUMwL4UTfOjlq+bkc88SaNoZjhibLnpI40c46vfIlz2Y77R9HfgYIQ1Lx/k+U1WKZuiQ5Z2Wd2Dsg==
  dependencies:
    cloudinary-core "^2.10.2"
    core-js "3.6.5"
    lodash "^4.17.11"
    q "^1.5.1"

core-js@3.6.5:
  version "3.6.5"
  resolved "https://registry.yarnpkg.com/core-js/-/core-js-3.6.5.tgz#7395dc273af37fb2e50e9bd3d9fe841285231d1a"
  integrity sha512-vZVEEwZoIsI+vPEuoF9Iqf5H7/M3eeQqWlQnYa8FSKKePuYTf5MWnxb5SDAzCa60b3JBRS5g9b+Dq7b1y/RCrA==

lodash@^4.17.11:
  version "4.17.21"
  resolved "https://registry.yarnpkg.com/lodash/-/lodash-4.17.21.tgz#679591c564c3bffaae8454cf0b3df370c3d6911c"
  integrity sha512-v2kDEe57lecTulaDIuNTPy3Ry4gLGJ6Z1O3vE1krgXZNrsQ+LFTGHVxVjcXPs17LhbZVGedAJv8XZ1tvj5FvSg==

q@^1.5.1:
  version "1.5.1"
  resolved "https://registry.yarnpkg.com/q/-/q-1.5.1.tgz#7e32f75b41381291d04611f1bf14109ac00651d7"
  integrity sha1-fjL3W0E4EpHQRhHxvxQQmsAGUdc=
